
Microsoft Visual Studio Solution File, Format Version 12.00
# Visual Studio Version 16
VisualStudioVersion = 16.0.30114.105
MinimumVisualStudioVersion = 10.0.40219.1
Project("{FAE04EC0-301F-11D3-BF4B-00C04F79EFBC}") = "API", "API\API.csproj", "{78FDE7BB-4D7A-4165-9401-BE4005562085}"
EndProject
Project("{FAE04EC0-301F-11D3-BF4B-00C04F79EFBC}") = "Application", "Application\Application.csproj", "{BF773B8F-004F-4C90-8C42-4A5EA714EAD5}"
EndProject
Project("{FAE04EC0-301F-11D3-BF4B-00C04F79EFBC}") = "Persistence", "Persistence\Persistence.csproj", "{94498DDC-5992-4CE9-A8F1-37F31A50C581}"
EndProject
Project("{FAE04EC0-301F-11D3-BF4B-00C04F79EFBC}") = "Domain", "Domain\Domain.csproj", "{735AA09E-9610-4DC8-A2EF-0599E3A11FCA}"
EndProject
Global
	GlobalSection(SolutionConfigurationPlatforms) = preSolution
		Debug|Any CPU = Debug|Any CPU
		Debug|x64 = Debug|x64
		Debug|x86 = Debug|x86
		Release|Any CPU = Release|Any CPU
		Release|x64 = Release|x64
		Release|x86 = Release|x86
	EndGlobalSection
	GlobalSection(SolutionProperties) = preSolution
		HideSolutionNode = FALSE
	EndGlobalSection
	GlobalSection(ProjectConfigurationPlatforms) = postSolution
		{78FDE7BB-4D7A-4165-9401-BE4005562085}.Debug|Any CPU.ActiveCfg = Debug|Any CPU
		{78FDE7BB-4D7A-4165-9401-BE4005562085}.Debug|Any CPU.Build.0 = Debug|Any CPU
		{78FDE7BB-4D7A-4165-9401-BE4005562085}.Debug|x64.ActiveCfg = Debug|Any CPU
		{78FDE7BB-4D7A-4165-9401-BE4005562085}.Debug|x64.Build.0 = Debug|Any CPU
		{78FDE7BB-4D7A-4165-9401-BE4005562085}.Debug|x86.ActiveCfg = Debug|Any CPU
		{78FDE7BB-4D7A-4165-9401-BE4005562085}.Debug|x86.Build.0 = Debug|Any CPU
		{78FDE7BB-4D7A-4165-9401-BE4005562085}.Release|Any CPU.ActiveCfg = Release|Any CPU
		{78FDE7BB-4D7A-4165-9401-BE4005562085}.Release|Any CPU.Build.0 = Release|Any CPU
		{78FDE7BB-4D7A-4165-9401-BE4005562085}.Release|x64.ActiveCfg = Release|Any CPU
		{78FDE7BB-4D7A-4165-9401-BE4005562085}.Release|x64.Build.0 = Release|Any CPU
		{78FDE7BB-4D7A-4165-9401-BE4005562085}.Release|x86.ActiveCfg = Release|Any CPU
		{78FDE7BB-4D7A-4165-9401-BE4005562085}.Release|x86.Build.0 = Release|Any CPU
		{BF773B8F-004F-4C90-8C42-4A5EA714EAD5}.Debug|Any CPU.ActiveCfg = Debug|Any CPU
		{BF773B8F-004F-4C90-8C42-4A5EA714EAD5}.Debug|Any CPU.Build.0 = Debug|Any CPU
		{BF773B8F-004F-4C90-8C42-4A5EA714EAD5}.Debug|x64.ActiveCfg = Debug|Any CPU
		{BF773B8F-004F-4C90-8C42-4A5EA714EAD5}.Debug|x64.Build.0 = Debug|Any CPU
		{BF773B8F-004F-4C90-8C42-4A5EA714EAD5}.Debug|x86.ActiveCfg = Debug|Any CPU
		{BF773B8F-004F-4C90-8C42-4A5EA714EAD5}.Debug|x86.Build.0 = Debug|Any CPU
		{BF773B8F-004F-4C90-8C42-4A5EA714EAD5}.Release|Any CPU.ActiveCfg = Release|Any CPU
		{BF773B8F-004F-4C90-8C42-4A5EA714EAD5}.Release|Any CPU.Build.0 = Release|Any CPU
		{BF773B8F-004F-4C90-8C42-4A5EA714EAD5}.Release|x64.ActiveCfg = Release|Any CPU
		{BF773B8F-004F-4C90-8C42-4A5EA714EAD5}.Release|x64.Build.0 = Release|Any CPU
		{BF773B8F-004F-4C90-8C42-4A5EA714EAD5}.Release|x86.ActiveCfg = Release|Any CPU
		{BF773B8F-004F-4C90-8C42-4A5EA714EAD5}.Release|x86.Build.0 = Release|Any CPU
		{94498DDC-5992-4CE9-A8F1-37F31A50C581}.Debug|Any CPU.ActiveCfg = Debug|Any CPU
		{94498DDC-5992-4CE9-A8F1-37F31A50C581}.Debug|Any CPU.Build.0 = Debug|Any CPU
		{94498DDC-5992-4CE9-A8F1-37F31A50C581}.Debug|x64.ActiveCfg = Debug|Any CPU
		{94498DDC-5992-4CE9-A8F1-37F31A50C581}.Debug|x64.Build.0 = Debug|Any CPU
		{94498DDC-5992-4CE9-A8F1-37F31A50C581}.Debug|x86.ActiveCfg = Debug|Any CPU
		{94498DDC-5992-4CE9-A8F1-37F31A50C581}.Debug|x86.Build.0 = Debug|Any CPU
		{94498DDC-5992-4CE9-A8F1-37F31A50C581}.Release|Any CPU.ActiveCfg = Release|Any CPU
		{94498DDC-5992-4CE9-A8F1-37F31A50C581}.Release|Any CPU.Build.0 = Release|Any CPU
		{94498DDC-5992-4CE9-A8F1-37F31A50C581}.Release|x64.ActiveCfg = Release|Any CPU
		{94498DDC-5992-4CE9-A8F1-37F31A50C581}.Release|x64.Build.0 = Release|Any CPU
		{94498DDC-5992-4CE9-A8F1-37F31A50C581}.Release|x86.ActiveCfg = Release|Any CPU
		{94498DDC-5992-4CE9-A8F1-37F31A50C581}.Release|x86.Build.0 = Release|Any CPU
		{735AA09E-9610-4DC8-A2EF-0599E3A11FCA}.Debug|Any CPU.ActiveCfg = Debug|Any CPU
		{735AA09E-9610-4DC8-A2EF-0599E3A11FCA}.Debug|Any CPU.Build.0 = Debug|Any CPU
		{735AA09E-9610-4DC8-A2EF-0599E3A11FCA}.Debug|x64.ActiveCfg = Debug|Any CPU
		{735AA09E-9610-4DC8-A2EF-0599E3A11FCA}.Debug|x64.Build.0 = Debug|Any CPU
		{735AA09E-9610-4DC8-A2EF-0599E3A11FCA}.Debug|x86.ActiveCfg = Debug|Any CPU
		{735AA09E-9610-4DC8-A2EF-0599E3A11FCA}.Debug|x86.Build.0 = Debug|Any CPU
		{735AA09E-9610-4DC8-A2EF-0599E3A11FCA}.Release|Any CPU.ActiveCfg = Release|Any CPU
		{735AA09E-9610-4DC8-A2EF-0599E3A11FCA}.Release|Any CPU.Build.0 = Release|Any CPU
		{735AA09E-9610-4DC8-A2EF-0599E3A11FCA}.Release|x64.ActiveCfg = Release|Any CPU
		{735AA09E-9610-4DC8-A2EF-0599E3A11FCA}.Release|x64.Build.0 = Release|Any CPU
		{735AA09E-9610-4DC8-A2EF-0599E3A11FCA}.Release|x86.ActiveCfg = Release|Any CPU
		{735AA09E-9610-4DC8-A2EF-0599E3A11FCA}.Release|x86.Build.0 = Release|Any CPU
	EndGlobalSection
EndGlobal
